
Microsoft Visual Studio Solution File, Format Version 12.00
# Visual Studio Version 17
VisualStudioVersion = 17.11.35327.3
MinimumVisualStudioVersion = 10.0.40219.1
Project("{FAE04EC0-301F-11D3-BF4B-00C04F79EFBC}") = "oopconcepts", "oopconcepts.csproj", "{5446BA7E-53F1-47D7-9B4B-F0408676B2DB}"
EndProject
Global
	GlobalSection(SolutionConfigurationPlatforms) = preSolution
		Debug|Any CPU = Debug|Any CPU
		Release|Any CPU = Release|Any CPU
	EndGlobalSection
	GlobalSection(ProjectConfigurationPlatforms) = postSolution
		{5446BA7E-53F1-47D7-9B4B-F0408676B2DB}.Debug|Any CPU.ActiveCfg = Debug|Any CPU
		{5446BA7E-53F1-47D7-9B4B-F0408676B2DB}.Debug|Any CPU.Build.0 = Debug|Any CPU
		{5446BA7E-53F1-47D7-9B4B-F0408676B2DB}.Release|Any CPU.ActiveCfg = Release|Any CPU
		{5446BA7E-53F1-47D7-9B4B-F0408676B2DB}.Release|Any CPU.Build.0 = Release|Any CPU
	EndGlobalSection
	GlobalSection(SolutionProperties) = preSolution
		HideSolutionNode = FALSE
	EndGlobalSection
	GlobalSection(ExtensibilityGlobals) = postSolution
		SolutionGuid = {EAC58280-DE3D-4AB1-A2D6-981D6E761C8B}
	EndGlobalSection
EndGlobal
